
Microsoft Visual Studio Solution File, Format Version 12.00
# Visual Studio Version 16
VisualStudioVersion = 25.0.1705.1
MinimumVisualStudioVersion = 10.0.40219.1
Project("{FAE04EC0-301F-11D3-BF4B-00C04F79EFBC}") = "AdiNeydiProject", "AdiNeydiProject\AdiNeydiProject.csproj", "{D6D478A4-4B0E-48C6-B070-987C7CD45316}"
EndProject
Global
	GlobalSection(SolutionConfigurationPlatforms) = preSolution
		Debug|Any CPU = Debug|Any CPU
		Release|Any CPU = Release|Any CPU
	EndGlobalSection
	GlobalSection(ProjectConfigurationPlatforms) = postSolution
		{D6D478A4-4B0E-48C6-B070-987C7CD45316}.Debug|Any CPU.ActiveCfg = Debug|Any CPU
		{D6D478A4-4B0E-48C6-B070-987C7CD45316}.Debug|Any CPU.Build.0 = Debug|Any CPU
		{D6D478A4-4B0E-48C6-B070-987C7CD45316}.Release|Any CPU.ActiveCfg = Release|Any CPU
		{D6D478A4-4B0E-48C6-B070-987C7CD45316}.Release|Any CPU.Build.0 = Release|Any CPU
	EndGlobalSection
	GlobalSection(SolutionProperties) = preSolution
		HideSolutionNode = FALSE
	EndGlobalSection
	GlobalSection(ExtensibilityGlobals) = postSolution
		SolutionGuid = {966C6242-5CE8-49CB-BC48-F853A5BA9758}
	EndGlobalSection
EndGlobal
